
Microsoft Visual Studio Solution File, Format Version 12.00
# Visual Studio Version 16
VisualStudioVersion = 16.0.31005.135
MinimumVisualStudioVersion = 10.0.40219.1
Project("{9A19103F-16F7-4668-BE54-9A1E7A4F7556}") = "Covid-19", "Covid-19\Covid-19.csproj", "{C2A78520-1D98-4D27-B619-81C7ABC7B3F5}"
EndProject
Project("{9A19103F-16F7-4668-BE54-9A1E7A4F7556}") = "Domain", "Domain\Domain.csproj", "{6B170EE3-8BE8-4DC9-AA71-FF468769F69A}"
EndProject
Project("{FAE04EC0-301F-11D3-BF4B-00C04F79EFBC}") = "Covid.Unit.Test", "Covid.Unit.Test\Covid.Unit.Test.csproj", "{0B4635F5-953D-43DE-8FE2-A7D4D6C4FB30}"
EndProject
Global
	GlobalSection(SolutionConfigurationPlatforms) = preSolution
		Debug|Any CPU = Debug|Any CPU
		Release|Any CPU = Release|Any CPU
	EndGlobalSection
	GlobalSection(ProjectConfigurationPlatforms) = postSolution
		{C2A78520-1D98-4D27-B619-81C7ABC7B3F5}.Debug|Any CPU.ActiveCfg = Debug|Any CPU
		{C2A78520-1D98-4D27-B619-81C7ABC7B3F5}.Debug|Any CPU.Build.0 = Debug|Any CPU
		{C2A78520-1D98-4D27-B619-81C7ABC7B3F5}.Release|Any CPU.ActiveCfg = Release|Any CPU
		{C2A78520-1D98-4D27-B619-81C7ABC7B3F5}.Release|Any CPU.Build.0 = Release|Any CPU
		{6B170EE3-8BE8-4DC9-AA71-FF468769F69A}.Debug|Any CPU.ActiveCfg = Debug|Any CPU
		{6B170EE3-8BE8-4DC9-AA71-FF468769F69A}.Debug|Any CPU.Build.0 = Debug|Any CPU
		{6B170EE3-8BE8-4DC9-AA71-FF468769F69A}.Release|Any CPU.ActiveCfg = Release|Any CPU
		{6B170EE3-8BE8-4DC9-AA71-FF468769F69A}.Release|Any CPU.Build.0 = Release|Any CPU
		{0B4635F5-953D-43DE-8FE2-A7D4D6C4FB30}.Debug|Any CPU.ActiveCfg = Debug|Any CPU
		{0B4635F5-953D-43DE-8FE2-A7D4D6C4FB30}.Debug|Any CPU.Build.0 = Debug|Any CPU
		{0B4635F5-953D-43DE-8FE2-A7D4D6C4FB30}.Release|Any CPU.ActiveCfg = Release|Any CPU
		{0B4635F5-953D-43DE-8FE2-A7D4D6C4FB30}.Release|Any CPU.Build.0 = Release|Any CPU
	EndGlobalSection
	GlobalSection(SolutionProperties) = preSolution
		HideSolutionNode = FALSE
	EndGlobalSection
	GlobalSection(ExtensibilityGlobals) = postSolution
		SolutionGuid = {4995EC84-6868-4674-916A-EE5554A9204A}
	EndGlobalSection
EndGlobal
